// !$*UTF8*$!
{
	archiveVersion = 1;
	classes = {
	};
	objectVersion = 55;
	objects = {

/* Begin PBXBuildFile section */
		AC0AF8A029FA2B090006350D /* MovieAppSwiftUIApp.swift in Sources */ = {isa = PBXBuildFile; fileRef = AC0AF89F29FA2B090006350D /* MovieAppSwiftUIApp.swift */; };
		AC0AF8A429FA2B0A0006350D /* Assets.xcassets in Resources */ = {isa = PBXBuildFile; fileRef = AC0AF8A329FA2B0A0006350D /* Assets.xcassets */; };
		AC0AF8A729FA2B0A0006350D /* Preview Assets.xcassets in Resources */ = {isa = PBXBuildFile; fileRef = AC0AF8A629FA2B0A0006350D /* Preview Assets.xcassets */; };
		AC0AF8AE29FA2CEA0006350D /* Colors.xcassets in Resources */ = {isa = PBXBuildFile; fileRef = AC0AF8AD29FA2CEA0006350D /* Colors.xcassets */; };
		AC0AF8B229FA2D570006350D /* Color.swift in Sources */ = {isa = PBXBuildFile; fileRef = AC0AF8B129FA2D570006350D /* Color.swift */; };
		AC0AF8B429FA2DC50006350D /* Image.swift in Sources */ = {isa = PBXBuildFile; fileRef = AC0AF8B329FA2DC50006350D /* Image.swift */; };
		AC0AF8BF29FA2EAB0006350D /* Poppins-SemiBold.ttf in Resources */ = {isa = PBXBuildFile; fileRef = AC0AF8B629FA2EAB0006350D /* Poppins-SemiBold.ttf */; };
		AC0AF8C029FA2EAB0006350D /* Poppins-Thin.ttf in Resources */ = {isa = PBXBuildFile; fileRef = AC0AF8B729FA2EAB0006350D /* Poppins-Thin.ttf */; };
		AC0AF8C129FA2EAB0006350D /* Poppins-Light.ttf in Resources */ = {isa = PBXBuildFile; fileRef = AC0AF8B829FA2EAB0006350D /* Poppins-Light.ttf */; };
		AC0AF8C229FA2EAB0006350D /* Poppins-Bold.ttf in Resources */ = {isa = PBXBuildFile; fileRef = AC0AF8B929FA2EAB0006350D /* Poppins-Bold.ttf */; };
		AC0AF8C329FA2EAB0006350D /* Poppins-ExtraLight.ttf in Resources */ = {isa = PBXBuildFile; fileRef = AC0AF8BA29FA2EAB0006350D /* Poppins-ExtraLight.ttf */; };
		AC0AF8C429FA2EAB0006350D /* Poppins-Black.ttf in Resources */ = {isa = PBXBuildFile; fileRef = AC0AF8BB29FA2EAB0006350D /* Poppins-Black.ttf */; };
		AC0AF8C529FA2EAB0006350D /* Poppins-Regular.ttf in Resources */ = {isa = PBXBuildFile; fileRef = AC0AF8BC29FA2EAB0006350D /* Poppins-Regular.ttf */; };
		AC0AF8C629FA2EAB0006350D /* Poppins-ExtraBold.ttf in Resources */ = {isa = PBXBuildFile; fileRef = AC0AF8BD29FA2EAB0006350D /* Poppins-ExtraBold.ttf */; };
		AC0AF8C729FA2EAB0006350D /* Poppins-Medium.ttf in Resources */ = {isa = PBXBuildFile; fileRef = AC0AF8BE29FA2EAB0006350D /* Poppins-Medium.ttf */; };
		AC0AF8CB29FA30820006350D /* Poppins.swift in Sources */ = {isa = PBXBuildFile; fileRef = AC0AF8CA29FA30820006350D /* Poppins.swift */; };
		AC0AF8CD29FA31120006350D /* View.swift in Sources */ = {isa = PBXBuildFile; fileRef = AC0AF8CC29FA31120006350D /* View.swift */; };
		AC0AF8CF29FA31BA0006350D /* UIApplication.swift in Sources */ = {isa = PBXBuildFile; fileRef = AC0AF8CE29FA31BA0006350D /* UIApplication.swift */; };
		AC0AF8D129FA326D0006350D /* Optional.swift in Sources */ = {isa = PBXBuildFile; fileRef = AC0AF8D029FA326D0006350D /* Optional.swift */; };
		AC0AF8D329FA32CE0006350D /* String.swift in Sources */ = {isa = PBXBuildFile; fileRef = AC0AF8D229FA32CE0006350D /* String.swift */; };
		AC0AF8DA29FA34930006350D /* SearchBar.swift in Sources */ = {isa = PBXBuildFile; fileRef = AC0AF8D929FA34930006350D /* SearchBar.swift */; };
		AC0AF8DC29FA36170006350D /* HomeView.swift in Sources */ = {isa = PBXBuildFile; fileRef = AC0AF8DB29FA36170006350D /* HomeView.swift */; };
		AC0AF8E129FD6C870006350D /* Constants.swift in Sources */ = {isa = PBXBuildFile; fileRef = AC0AF8E029FD6C870006350D /* Constants.swift */; };
		AC0AF8E429FD6FEC0006350D /* Movie.swift in Sources */ = {isa = PBXBuildFile; fileRef = AC0AF8E329FD6FEC0006350D /* Movie.swift */; };
		AC0AF8E629FD71AD0006350D /* MovieCard.swift in Sources */ = {isa = PBXBuildFile; fileRef = AC0AF8E529FD71AD0006350D /* MovieCard.swift */; };
		AC0AF8E829FD71CE0006350D /* PreviewProvider.swift in Sources */ = {isa = PBXBuildFile; fileRef = AC0AF8E729FD71CE0006350D /* PreviewProvider.swift */; };
		AC0AF8EA29FD73DD0006350D /* CustomImageView.swift in Sources */ = {isa = PBXBuildFile; fileRef = AC0AF8E929FD73DD0006350D /* CustomImageView.swift */; };
		AC0AF8EC29FD757B0006350D /* MovieCardType.swift in Sources */ = {isa = PBXBuildFile; fileRef = AC0AF8EB29FD757B0006350D /* MovieCardType.swift */; };
		AC0AF8EF29FD82CF0006350D /* EndPoint.swift in Sources */ = {isa = PBXBuildFile; fileRef = AC0AF8EE29FD82CF0006350D /* EndPoint.swift */; };
		AC0AF8F129FD83E70006350D /* ApiConstructor.swift in Sources */ = {isa = PBXBuildFile; fileRef = AC0AF8F029FD83E70006350D /* ApiConstructor.swift */; };
		AC0AF8F329FD84640006350D /*  DefaultURLBuilder.swift in Sources */ = {isa = PBXBuildFile; fileRef = AC0AF8F229FD84640006350D /*  DefaultURLBuilder.swift */; };
		AC0AF8F529FD86D20006350D /* MovieService.swift in Sources */ = {isa = PBXBuildFile; fileRef = AC0AF8F429FD86D20006350D /* MovieService.swift */; };
		AC0AF8F729FD88D00006350D /* HomeViewModel.swift in Sources */ = {isa = PBXBuildFile; fileRef = AC0AF8F629FD88D00006350D /* HomeViewModel.swift */; };
		AC0AF8F929FD94A00006350D /* Genre.swift in Sources */ = {isa = PBXBuildFile; fileRef = AC0AF8F829FD94A00006350D /* Genre.swift */; };
		AC0AF8FB29FD97F50006350D /* GenreSegmentView.swift in Sources */ = {isa = PBXBuildFile; fileRef = AC0AF8FA29FD97F50006350D /* GenreSegmentView.swift */; };
/* End PBXBuildFile section */

/* Begin PBXFileReference section */
		AC0AF89C29FA2B090006350D /* MovieAppSwiftUI.app */ = {isa = PBXFileReference; explicitFileType = wrapper.application; includeInIndex = 0; path = MovieAppSwiftUI.app; sourceTree = BUILT_PRODUCTS_DIR; };
		AC0AF89F29FA2B090006350D /* MovieAppSwiftUIApp.swift */ = {isa = PBXFileReference; lastKnownFileType = sourcecode.swift; path = MovieAppSwiftUIApp.swift; sourceTree = "<group>"; };
		AC0AF8A329FA2B0A0006350D /* Assets.xcassets */ = {isa = PBXFileReference; lastKnownFileType = folder.assetcatalog; path = Assets.xcassets; sourceTree = "<group>"; };
		AC0AF8A629FA2B0A0006350D /* Preview Assets.xcassets */ = {isa = PBXFileReference; lastKnownFileType = folder.assetcatalog; path = "Preview Assets.xcassets"; sourceTree = "<group>"; };
		AC0AF8AD29FA2CEA0006350D /* Colors.xcassets */ = {isa = PBXFileReference; lastKnownFileType = folder.assetcatalog; path = Colors.xcassets; sourceTree = "<group>"; };
		AC0AF8B129FA2D570006350D /* Color.swift */ = {isa = PBXFileReference; lastKnownFileType = sourcecode.swift; path = Color.swift; sourceTree = "<group>"; };
		AC0AF8B329FA2DC50006350D /* Image.swift */ = {isa = PBXFileReference; lastKnownFileType = sourcecode.swift; path = Image.swift; sourceTree = "<group>"; };
		AC0AF8B629FA2EAB0006350D /* Poppins-SemiBold.ttf */ = {isa = PBXFileReference; lastKnownFileType = file; path = "Poppins-SemiBold.ttf"; sourceTree = "<group>"; };
		AC0AF8B729FA2EAB0006350D /* Poppins-Thin.ttf */ = {isa = PBXFileReference; lastKnownFileType = file; path = "Poppins-Thin.ttf"; sourceTree = "<group>"; };
		AC0AF8B829FA2EAB0006350D /* Poppins-Light.ttf */ = {isa = PBXFileReference; lastKnownFileType = file; path = "Poppins-Light.ttf"; sourceTree = "<group>"; };
		AC0AF8B929FA2EAB0006350D /* Poppins-Bold.ttf */ = {isa = PBXFileReference; lastKnownFileType = file; path = "Poppins-Bold.ttf"; sourceTree = "<group>"; };
		AC0AF8BA29FA2EAB0006350D /* Poppins-ExtraLight.ttf */ = {isa = PBXFileReference; lastKnownFileType = file; path = "Poppins-ExtraLight.ttf"; sourceTree = "<group>"; };
		AC0AF8BB29FA2EAB0006350D /* Poppins-Black.ttf */ = {isa = PBXFileReference; lastKnownFileType = file; path = "Poppins-Black.ttf"; sourceTree = "<group>"; };
		AC0AF8BC29FA2EAB0006350D /* Poppins-Regular.ttf */ = {isa = PBXFileReference; lastKnownFileType = file; path = "Poppins-Regular.ttf"; sourceTree = "<group>"; };
		AC0AF8BD29FA2EAB0006350D /* Poppins-ExtraBold.ttf */ = {isa = PBXFileReference; lastKnownFileType = file; path = "Poppins-ExtraBold.ttf"; sourceTree = "<group>"; };
		AC0AF8BE29FA2EAB0006350D /* Poppins-Medium.ttf */ = {isa = PBXFileReference; lastKnownFileType = file; path = "Poppins-Medium.ttf"; sourceTree = "<group>"; };
		AC0AF8C829FA2EEC0006350D /* Info.plist */ = {isa = PBXFileReference; lastKnownFileType = text.plist; path = Info.plist; sourceTree = "<group>"; };
		AC0AF8CA29FA30820006350D /* Poppins.swift */ = {isa = PBXFileReference; lastKnownFileType = sourcecode.swift; path = Poppins.swift; sourceTree = "<group>"; };
		AC0AF8CC29FA31120006350D /* View.swift */ = {isa = PBXFileReference; lastKnownFileType = sourcecode.swift; path = View.swift; sourceTree = "<group>"; };
		AC0AF8CE29FA31BA0006350D /* UIApplication.swift */ = {isa = PBXFileReference; lastKnownFileType = sourcecode.swift; path = UIApplication.swift; sourceTree = "<group>"; };
		AC0AF8D029FA326D0006350D /* Optional.swift */ = {isa = PBXFileReference; lastKnownFileType = sourcecode.swift; path = Optional.swift; sourceTree = "<group>"; };
		AC0AF8D229FA32CE0006350D /* String.swift */ = {isa = PBXFileReference; lastKnownFileType = sourcecode.swift; path = String.swift; sourceTree = "<group>"; };
		AC0AF8D929FA34930006350D /* SearchBar.swift */ = {isa = PBXFileReference; lastKnownFileType = sourcecode.swift; path = SearchBar.swift; sourceTree = "<group>"; };
		AC0AF8DB29FA36170006350D /* HomeView.swift */ = {isa = PBXFileReference; lastKnownFileType = sourcecode.swift; path = HomeView.swift; sourceTree = "<group>"; };
		AC0AF8E029FD6C870006350D /* Constants.swift */ = {isa = PBXFileReference; lastKnownFileType = sourcecode.swift; path = Constants.swift; sourceTree = "<group>"; };
		AC0AF8E329FD6FEC0006350D /* Movie.swift */ = {isa = PBXFileReference; lastKnownFileType = sourcecode.swift; path = Movie.swift; sourceTree = "<group>"; };
		AC0AF8E529FD71AD0006350D /* MovieCard.swift */ = {isa = PBXFileReference; lastKnownFileType = sourcecode.swift; path = MovieCard.swift; sourceTree = "<group>"; };
		AC0AF8E729FD71CE0006350D /* PreviewProvider.swift */ = {isa = PBXFileReference; lastKnownFileType = sourcecode.swift; path = PreviewProvider.swift; sourceTree = "<group>"; };
		AC0AF8E929FD73DD0006350D /* CustomImageView.swift */ = {isa = PBXFileReference; lastKnownFileType = sourcecode.swift; path = CustomImageView.swift; sourceTree = "<group>"; };
		AC0AF8EB29FD757B0006350D /* MovieCardType.swift */ = {isa = PBXFileReference; lastKnownFileType = sourcecode.swift; path = MovieCardType.swift; sourceTree = "<group>"; };
		AC0AF8EE29FD82CF0006350D /* EndPoint.swift */ = {isa = PBXFileReference; lastKnownFileType = sourcecode.swift; path = EndPoint.swift; sourceTree = "<group>"; };
		AC0AF8F029FD83E70006350D /* ApiConstructor.swift */ = {isa = PBXFileReference; lastKnownFileType = sourcecode.swift; path = ApiConstructor.swift; sourceTree = "<group>"; };
		AC0AF8F229FD84640006350D /*  DefaultURLBuilder.swift */ = {isa = PBXFileReference; lastKnownFileType = sourcecode.swift; path = " DefaultURLBuilder.swift"; sourceTree = "<group>"; };
		AC0AF8F429FD86D20006350D /* MovieService.swift */ = {isa = PBXFileReference; lastKnownFileType = sourcecode.swift; path = MovieService.swift; sourceTree = "<group>"; };
		AC0AF8F629FD88D00006350D /* HomeViewModel.swift */ = {isa = PBXFileReference; lastKnownFileType = sourcecode.swift; path = HomeViewModel.swift; sourceTree = "<group>"; };
		AC0AF8F829FD94A00006350D /* Genre.swift */ = {isa = PBXFileReference; lastKnownFileType = sourcecode.swift; path = Genre.swift; sourceTree = "<group>"; };
		AC0AF8FA29FD97F50006350D /* GenreSegmentView.swift */ = {isa = PBXFileReference; lastKnownFileType = sourcecode.swift; path = GenreSegmentView.swift; sourceTree = "<group>"; };
/* End PBXFileReference section */

/* Begin PBXFrameworksBuildPhase section */
		AC0AF89929FA2B090006350D /* Frameworks */ = {
			isa = PBXFrameworksBuildPhase;
			buildActionMask = 2147483647;
			files = (
			);
			runOnlyForDeploymentPostprocessing = 0;
		};
/* End PBXFrameworksBuildPhase section */

/* Begin PBXGroup section */
		AC0AF89329FA2B090006350D = {
			isa = PBXGroup;
			children = (
				AC0AF89E29FA2B090006350D /* MovieAppSwiftUI */,
				AC0AF89D29FA2B090006350D /* Products */,
			);
			sourceTree = "<group>";
		};
		AC0AF89D29FA2B090006350D /* Products */ = {
			isa = PBXGroup;
			children = (
				AC0AF89C29FA2B090006350D /* MovieAppSwiftUI.app */,
			);
			name = Products;
			sourceTree = "<group>";
		};
		AC0AF89E29FA2B090006350D /* MovieAppSwiftUI */ = {
			isa = PBXGroup;
			children = (
				AC0AF89F29FA2B090006350D /* MovieAppSwiftUIApp.swift */,
				AC0AF8C929FA306B0006350D /* Utils */,
				AC0AF8AF29FA2D3B0006350D /* Core */,
				AC0AF8D829FA34850006350D /* Components */,
				AC0AF8D429FA33C60006350D /* Module */,
				AC0AF8A329FA2B0A0006350D /* Assets.xcassets */,
				AC0AF8AD29FA2CEA0006350D /* Colors.xcassets */,
				AC0AF8C829FA2EEC0006350D /* Info.plist */,
				AC0AF8A529FA2B0A0006350D /* Preview Content */,
			);
			path = MovieAppSwiftUI;
			sourceTree = "<group>";
		};
		AC0AF8A529FA2B0A0006350D /* Preview Content */ = {
			isa = PBXGroup;
			children = (
				AC0AF8A629FA2B0A0006350D /* Preview Assets.xcassets */,
			);
			path = "Preview Content";
			sourceTree = "<group>";
		};
		AC0AF8AF29FA2D3B0006350D /* Core */ = {
			isa = PBXGroup;
			children = (
				AC0AF8ED29FD82C50006350D /* Network */,
				AC0AF8B529FA2E5D0006350D /* Fonts */,
				AC0AF8B029FA2D430006350D /* Extensions */,
			);
			path = Core;
			sourceTree = "<group>";
		};
		AC0AF8B029FA2D430006350D /* Extensions */ = {
			isa = PBXGroup;
			children = (
				AC0AF8CE29FA31BA0006350D /* UIApplication.swift */,
				AC0AF8D029FA326D0006350D /* Optional.swift */,
				AC0AF8B129FA2D570006350D /* Color.swift */,
				AC0AF8B329FA2DC50006350D /* Image.swift */,
				AC0AF8CC29FA31120006350D /* View.swift */,
				AC0AF8D229FA32CE0006350D /* String.swift */,
				AC0AF8E729FD71CE0006350D /* PreviewProvider.swift */,
			);
			path = Extensions;
			sourceTree = "<group>";
		};
		AC0AF8B529FA2E5D0006350D /* Fonts */ = {
			isa = PBXGroup;
			children = (
				AC0AF8BB29FA2EAB0006350D /* Poppins-Black.ttf */,
				AC0AF8B929FA2EAB0006350D /* Poppins-Bold.ttf */,
				AC0AF8BD29FA2EAB0006350D /* Poppins-ExtraBold.ttf */,
				AC0AF8BA29FA2EAB0006350D /* Poppins-ExtraLight.ttf */,
				AC0AF8B829FA2EAB0006350D /* Poppins-Light.ttf */,
				AC0AF8BE29FA2EAB0006350D /* Poppins-Medium.ttf */,
				AC0AF8BC29FA2EAB0006350D /* Poppins-Regular.ttf */,
				AC0AF8B629FA2EAB0006350D /* Poppins-SemiBold.ttf */,
				AC0AF8B729FA2EAB0006350D /* Poppins-Thin.ttf */,
			);
			path = Fonts;
			sourceTree = "<group>";
		};
		AC0AF8C929FA306B0006350D /* Utils */ = {
			isa = PBXGroup;
			children = (
				AC0AF8CA29FA30820006350D /* Poppins.swift */,
				AC0AF8E029FD6C870006350D /* Constants.swift */,
				AC0AF8EB29FD757B0006350D /* MovieCardType.swift */,
			);
			path = Utils;
			sourceTree = "<group>";
		};
		AC0AF8D429FA33C60006350D /* Module */ = {
			isa = PBXGroup;
			children = (
				AC7285BB29FECDB100DF1160 /* Detail */,
				AC0AF8D529FA33CD0006350D /* Home */,
			);
			path = Module;
			sourceTree = "<group>";
		};
		AC0AF8D529FA33CD0006350D /* Home */ = {
			isa = PBXGroup;
			children = (
				AC0AF8E229FD6FE20006350D /* Model */,
				AC0AF8D729FA33D60006350D /* ViewModel */,
				AC0AF8D629FA33D20006350D /* View */,
			);
			path = Home;
			sourceTree = "<group>";
		};
		AC0AF8D629FA33D20006350D /* View */ = {
			isa = PBXGroup;
			children = (
				AC0AF8DB29FA36170006350D /* HomeView.swift */,
			);
			path = View;
			sourceTree = "<group>";
		};
		AC0AF8D729FA33D60006350D /* ViewModel */ = {
			isa = PBXGroup;
			children = (
				AC0AF8F629FD88D00006350D /* HomeViewModel.swift */,
			);
			path = ViewModel;
			sourceTree = "<group>";
		};
		AC0AF8D829FA34850006350D /* Components */ = {
			isa = PBXGroup;
			children = (
				AC0AF8D929FA34930006350D /* SearchBar.swift */,
				AC0AF8E529FD71AD0006350D /* MovieCard.swift */,
				AC0AF8E929FD73DD0006350D /* CustomImageView.swift */,
				AC0AF8FA29FD97F50006350D /* GenreSegmentView.swift */,
			);
			path = Components;
			sourceTree = "<group>";
		};
		AC0AF8E229FD6FE20006350D /* Model */ = {
			isa = PBXGroup;
			children = (
				AC0AF8E329FD6FEC0006350D /* Movie.swift */,
				AC0AF8F829FD94A00006350D /* Genre.swift */,
			);
			path = Model;
			sourceTree = "<group>";
		};
		AC0AF8ED29FD82C50006350D /* Network */ = {
			isa = PBXGroup;
			children = (
				AC0AF8EE29FD82CF0006350D /* EndPoint.swift */,
				AC0AF8F029FD83E70006350D /* ApiConstructor.swift */,
				AC0AF8F229FD84640006350D /*  DefaultURLBuilder.swift */,
				AC0AF8F429FD86D20006350D /* MovieService.swift */,
			);
			path = Network;
			sourceTree = "<group>";
		};
		AC7285BB29FECDB100DF1160 /* Detail */ = {
			isa = PBXGroup;
			children = (
				AC7285BD29FECDC200DF1160 /* ViewModel */,
				AC7285BC29FECDBF00DF1160 /* View */,
			);
			path = Detail;
			sourceTree = "<group>";
		};
		AC7285BC29FECDBF00DF1160 /* View */ = {
			isa = PBXGroup;
			children = (
			);
			path = View;
			sourceTree = "<group>";
		};
		AC7285BD29FECDC200DF1160 /* ViewModel */ = {
			isa = PBXGroup;
			children = (
			);
			path = ViewModel;
			sourceTree = "<group>";
		};
/* End PBXGroup section */

/* Begin PBXNativeTarget section */
		AC0AF89B29FA2B090006350D /* MovieAppSwiftUI */ = {
			isa = PBXNativeTarget;
			buildConfigurationList = AC0AF8AA29FA2B0A0006350D /* Build configuration list for PBXNativeTarget "MovieAppSwiftUI" */;
			buildPhases = (
				AC0AF89829FA2B090006350D /* Sources */,
				AC0AF89929FA2B090006350D /* Frameworks */,
				AC0AF89A29FA2B090006350D /* Resources */,
			);
			buildRules = (
			);
			dependencies = (
			);
			name = MovieAppSwiftUI;
			productName = MovieAppSwiftUI;
			productReference = AC0AF89C29FA2B090006350D /* MovieAppSwiftUI.app */;
			productType = "com.apple.product-type.application";
		};
/* End PBXNativeTarget section */

/* Begin PBXProject section */
		AC0AF89429FA2B090006350D /* Project object */ = {
			isa = PBXProject;
			attributes = {
				BuildIndependentTargetsInParallel = 1;
				LastSwiftUpdateCheck = 1430;
				LastUpgradeCheck = 1430;
				TargetAttributes = {
					AC0AF89B29FA2B090006350D = {
						CreatedOnToolsVersion = 14.3;
					};
				};
			};
			buildConfigurationList = AC0AF89729FA2B090006350D /* Build configuration list for PBXProject "MovieAppSwiftUI" */;
			compatibilityVersion = "Xcode 13.0";
			developmentRegion = en;
			hasScannedForEncodings = 0;
			knownRegions = (
				en,
				Base,
			);
			mainGroup = AC0AF89329FA2B090006350D;
			productRefGroup = AC0AF89D29FA2B090006350D /* Products */;
			projectDirPath = "";
			projectRoot = "";
			targets = (
				AC0AF89B29FA2B090006350D /* MovieAppSwiftUI */,
			);
		};
/* End PBXProject section */

/* Begin PBXResourcesBuildPhase section */
		AC0AF89A29FA2B090006350D /* Resources */ = {
			isa = PBXResourcesBuildPhase;
			buildActionMask = 2147483647;
			files = (
				AC0AF8AE29FA2CEA0006350D /* Colors.xcassets in Resources */,
				AC0AF8C129FA2EAB0006350D /* Poppins-Light.ttf in Resources */,
				AC0AF8C229FA2EAB0006350D /* Poppins-Bold.ttf in Resources */,
				AC0AF8BF29FA2EAB0006350D /* Poppins-SemiBold.ttf in Resources */,
				AC0AF8C329FA2EAB0006350D /* Poppins-ExtraLight.ttf in Resources */,
				AC0AF8A729FA2B0A0006350D /* Preview Assets.xcassets in Resources */,
				AC0AF8C429FA2EAB0006350D /* Poppins-Black.ttf in Resources */,
				AC0AF8C629FA2EAB0006350D /* Poppins-ExtraBold.ttf in Resources */,
				AC0AF8A429FA2B0A0006350D /* Assets.xcassets in Resources */,
				AC0AF8C729FA2EAB0006350D /* Poppins-Medium.ttf in Resources */,
				AC0AF8C029FA2EAB0006350D /* Poppins-Thin.ttf in Resources */,
				AC0AF8C529FA2EAB0006350D /* Poppins-Regular.ttf in Resources */,
			);
			runOnlyForDeploymentPostprocessing = 0;
		};
/* End PBXResourcesBuildPhase section */

/* Begin PBXSourcesBuildPhase section */
		AC0AF89829FA2B090006350D /* Sources */ = {
			isa = PBXSourcesBuildPhase;
			buildActionMask = 2147483647;
			files = (
				AC0AF8CF29FA31BA0006350D /* UIApplication.swift in Sources */,
				AC0AF8E129FD6C870006350D /* Constants.swift in Sources */,
				AC0AF8E429FD6FEC0006350D /* Movie.swift in Sources */,
				AC0AF8F929FD94A00006350D /* Genre.swift in Sources */,
				AC0AF8B429FA2DC50006350D /* Image.swift in Sources */,
				AC0AF8EA29FD73DD0006350D /* CustomImageView.swift in Sources */,
				AC0AF8EF29FD82CF0006350D /* EndPoint.swift in Sources */,
				AC0AF8D329FA32CE0006350D /* String.swift in Sources */,
				AC0AF8E829FD71CE0006350D /* PreviewProvider.swift in Sources */,
				AC0AF8E629FD71AD0006350D /* MovieCard.swift in Sources */,
				AC0AF8CD29FA31120006350D /* View.swift in Sources */,
				AC0AF8DC29FA36170006350D /* HomeView.swift in Sources */,
				AC0AF8FB29FD97F50006350D /* GenreSegmentView.swift in Sources */,
				AC0AF8EC29FD757B0006350D /* MovieCardType.swift in Sources */,
				AC0AF8CB29FA30820006350D /* Poppins.swift in Sources */,
				AC0AF8F129FD83E70006350D /* ApiConstructor.swift in Sources */,
				AC0AF8F529FD86D20006350D /* MovieService.swift in Sources */,
				AC0AF8A029FA2B090006350D /* MovieAppSwiftUIApp.swift in Sources */,
				AC0AF8F729FD88D00006350D /* HomeViewModel.swift in Sources */,
				AC0AF8DA29FA34930006350D /* SearchBar.swift in Sources */,
				AC0AF8F329FD84640006350D /*  DefaultURLBuilder.swift in Sources */,
				AC0AF8B229FA2D570006350D /* Color.swift in Sources */,
				AC0AF8D129FA326D0006350D /* Optional.swift in Sources */,
			);
			runOnlyForDeploymentPostprocessing = 0;
		};
/* End PBXSourcesBuildPhase section */

/* Begin XCBuildConfiguration section */
		AC0AF8A829FA2B0A0006350D /* Debug */ = {
			isa = XCBuildConfiguration;
			buildSettings = {
				ALWAYS_SEARCH_USER_PATHS = NO;
				CLANG_ANALYZER_NONNULL = YES;
				CLANG_ANALYZER_NUMBER_OBJECT_CONVERSION = YES_AGGRESSIVE;
				CLANG_CXX_LANGUAGE_STANDARD = "gnu++20";
				CLANG_ENABLE_MODULES = YES;
				CLANG_ENABLE_OBJC_ARC = YES;
				CLANG_ENABLE_OBJC_WEAK = YES;
				CLANG_WARN_BLOCK_CAPTURE_AUTORELEASING = YES;
				CLANG_WARN_BOOL_CONVERSION = YES;
				CLANG_WARN_COMMA = YES;
				CLANG_WARN_CONSTANT_CONVERSION = YES;
				CLANG_WARN_DEPRECATED_OBJC_IMPLEMENTATIONS = YES;
				CLANG_WARN_DIRECT_OBJC_ISA_USAGE = YES_ERROR;
				CLANG_WARN_DOCUMENTATION_COMMENTS = YES;
				CLANG_WARN_EMPTY_BODY = YES;
				CLANG_WARN_ENUM_CONVERSION = YES;
				CLANG_WARN_INFINITE_RECURSION = YES;
				CLANG_WARN_INT_CONVERSION = YES;
				CLANG_WARN_NON_LITERAL_NULL_CONVERSION = YES;
				CLANG_WARN_OBJC_IMPLICIT_RETAIN_SELF = YES;
				CLANG_WARN_OBJC_LITERAL_CONVERSION = YES;
				CLANG_WARN_OBJC_ROOT_CLASS = YES_ERROR;
				CLANG_WARN_QUOTED_INCLUDE_IN_FRAMEWORK_HEADER = YES;
				CLANG_WARN_RANGE_LOOP_ANALYSIS = YES;
				CLANG_WARN_STRICT_PROTOTYPES = YES;
				CLANG_WARN_SUSPICIOUS_MOVE = YES;
				CLANG_WARN_UNGUARDED_AVAILABILITY = YES_AGGRESSIVE;
				CLANG_WARN_UNREACHABLE_CODE = YES;
				CLANG_WARN__DUPLICATE_METHOD_MATCH = YES;
				COPY_PHASE_STRIP = NO;
				DEBUG_INFORMATION_FORMAT = dwarf;
				ENABLE_STRICT_OBJC_MSGSEND = YES;
				ENABLE_TESTABILITY = YES;
				GCC_C_LANGUAGE_STANDARD = gnu11;
				GCC_DYNAMIC_NO_PIC = NO;
				GCC_NO_COMMON_BLOCKS = YES;
				GCC_OPTIMIZATION_LEVEL = 0;
				GCC_PREPROCESSOR_DEFINITIONS = (
					"DEBUG=1",
					"$(inherited)",
				);
				GCC_WARN_64_TO_32_BIT_CONVERSION = YES;
				GCC_WARN_ABOUT_RETURN_TYPE = YES_ERROR;
				GCC_WARN_UNDECLARED_SELECTOR = YES;
				GCC_WARN_UNINITIALIZED_AUTOS = YES_AGGRESSIVE;
				GCC_WARN_UNUSED_FUNCTION = YES;
				GCC_WARN_UNUSED_VARIABLE = YES;
				IPHONEOS_DEPLOYMENT_TARGET = 15.0;
				MTL_ENABLE_DEBUG_INFO = INCLUDE_SOURCE;
				MTL_FAST_MATH = YES;
				ONLY_ACTIVE_ARCH = YES;
				SDKROOT = iphoneos;
				SWIFT_ACTIVE_COMPILATION_CONDITIONS = DEBUG;
				SWIFT_OPTIMIZATION_LEVEL = "-Onone";
			};
			name = Debug;
		};
		AC0AF8A929FA2B0A0006350D /* Release */ = {
			isa = XCBuildConfiguration;
			buildSettings = {
				ALWAYS_SEARCH_USER_PATHS = NO;
				CLANG_ANALYZER_NONNULL = YES;
				CLANG_ANALYZER_NUMBER_OBJECT_CONVERSION = YES_AGGRESSIVE;
				CLANG_CXX_LANGUAGE_STANDARD = "gnu++20";
				CLANG_ENABLE_MODULES = YES;
				CLANG_ENABLE_OBJC_ARC = YES;
				CLANG_ENABLE_OBJC_WEAK = YES;
				CLANG_WARN_BLOCK_CAPTURE_AUTORELEASING = YES;
				CLANG_WARN_BOOL_CONVERSION = YES;
				CLANG_WARN_COMMA = YES;
				CLANG_WARN_CONSTANT_CONVERSION = YES;
				CLANG_WARN_DEPRECATED_OBJC_IMPLEMENTATIONS = YES;
				CLANG_WARN_DIRECT_OBJC_ISA_USAGE = YES_ERROR;
				CLANG_WARN_DOCUMENTATION_COMMENTS = YES;
				CLANG_WARN_EMPTY_BODY = YES;
				CLANG_WARN_ENUM_CONVERSION = YES;
				CLANG_WARN_INFINITE_RECURSION = YES;
				CLANG_WARN_INT_CONVERSION = YES;
				CLANG_WARN_NON_LITERAL_NULL_CONVERSION = YES;
				CLANG_WARN_OBJC_IMPLICIT_RETAIN_SELF = YES;
				CLANG_WARN_OBJC_LITERAL_CONVERSION = YES;
				CLANG_WARN_OBJC_ROOT_CLASS = YES_ERROR;
				CLANG_WARN_QUOTED_INCLUDE_IN_FRAMEWORK_HEADER = YES;
				CLANG_WARN_RANGE_LOOP_ANALYSIS = YES;
				CLANG_WARN_STRICT_PROTOTYPES = YES;
				CLANG_WARN_SUSPICIOUS_MOVE = YES;
				CLANG_WARN_UNGUARDED_AVAILABILITY = YES_AGGRESSIVE;
				CLANG_WARN_UNREACHABLE_CODE = YES;
				CLANG_WARN__DUPLICATE_METHOD_MATCH = YES;
				COPY_PHASE_STRIP = NO;
				DEBUG_INFORMATION_FORMAT = "dwarf-with-dsym";
				ENABLE_NS_ASSERTIONS = NO;
				ENABLE_STRICT_OBJC_MSGSEND = YES;
				GCC_C_LANGUAGE_STANDARD = gnu11;
				GCC_NO_COMMON_BLOCKS = YES;
				GCC_WARN_64_TO_32_BIT_CONVERSION = YES;
				GCC_WARN_ABOUT_RETURN_TYPE = YES_ERROR;
				GCC_WARN_UNDECLARED_SELECTOR = YES;
				GCC_WARN_UNINITIALIZED_AUTOS = YES_AGGRESSIVE;
				GCC_WARN_UNUSED_FUNCTION = YES;
				GCC_WARN_UNUSED_VARIABLE = YES;
				IPHONEOS_DEPLOYMENT_TARGET = 15.0;
				MTL_ENABLE_DEBUG_INFO = NO;
				MTL_FAST_MATH = YES;
				SDKROOT = iphoneos;
				SWIFT_COMPILATION_MODE = wholemodule;
				SWIFT_OPTIMIZATION_LEVEL = "-O";
				VALIDATE_PRODUCT = YES;
			};
			name = Release;
		};
		AC0AF8AB29FA2B0A0006350D /* Debug */ = {
			isa = XCBuildConfiguration;
			buildSettings = {
				ASSETCATALOG_COMPILER_APPICON_NAME = AppIcon;
				ASSETCATALOG_COMPILER_GLOBAL_ACCENT_COLOR_NAME = AccentColor;
				CODE_SIGN_STYLE = Automatic;
				CURRENT_PROJECT_VERSION = 1;
				DEVELOPMENT_ASSET_PATHS = "\"MovieAppSwiftUI/Preview Content\"";
				DEVELOPMENT_TEAM = M4SYRBQBFW;
				ENABLE_PREVIEWS = YES;
				GENERATE_INFOPLIST_FILE = YES;
				INFOPLIST_FILE = MovieAppSwiftUI/Info.plist;
				INFOPLIST_KEY_UIApplicationSceneManifest_Generation = YES;
				INFOPLIST_KEY_UIApplicationSupportsIndirectInputEvents = YES;
				INFOPLIST_KEY_UILaunchScreen_Generation = YES;
				INFOPLIST_KEY_UISupportedInterfaceOrientations_iPad = "UIInterfaceOrientationPortrait UIInterfaceOrientationPortraitUpsideDown UIInterfaceOrientationLandscapeLeft UIInterfaceOrientationLandscapeRight";
				INFOPLIST_KEY_UISupportedInterfaceOrientations_iPhone = "UIInterfaceOrientationPortrait UIInterfaceOrientationLandscapeLeft UIInterfaceOrientationLandscapeRight";
				IPHONEOS_DEPLOYMENT_TARGET = 15.0;
				LD_RUNPATH_SEARCH_PATHS = (
					"$(inherited)",
					"@executable_path/Frameworks",
				);
				MARKETING_VERSION = 1.0;
				PRODUCT_BUNDLE_IDENTIFIER = com.AhmedAmin.MovieAppSwiftUI;
				PRODUCT_NAME = "$(TARGET_NAME)";
				SWIFT_EMIT_LOC_STRINGS = YES;
				SWIFT_VERSION = 5.0;
				TARGETED_DEVICE_FAMILY = "1,2";
			};
			name = Debug;
		};
		AC0AF8AC29FA2B0A0006350D /* Release */ = {
			isa = XCBuildConfiguration;
			buildSettings = {
				ASSETCATALOG_COMPILER_APPICON_NAME = AppIcon;
				ASSETCATALOG_COMPILER_GLOBAL_ACCENT_COLOR_NAME = AccentColor;
				CODE_SIGN_STYLE = Automatic;
				CURRENT_PROJECT_VERSION = 1;
				DEVELOPMENT_ASSET_PATHS = "\"MovieAppSwiftUI/Preview Content\"";
				DEVELOPMENT_TEAM = M4SYRBQBFW;
				ENABLE_PREVIEWS = YES;
				GENERATE_INFOPLIST_FILE = YES;
				INFOPLIST_FILE = MovieAppSwiftUI/Info.plist;
				INFOPLIST_KEY_UIApplicationSceneManifest_Generation = YES;
				INFOPLIST_KEY_UIApplicationSupportsIndirectInputEvents = YES;
				INFOPLIST_KEY_UILaunchScreen_Generation = YES;
				INFOPLIST_KEY_UISupportedInterfaceOrientations_iPad = "UIInterfaceOrientationPortrait UIInterfaceOrientationPortraitUpsideDown UIInterfaceOrientationLandscapeLeft UIInterfaceOrientationLandscapeRight";
				INFOPLIST_KEY_UISupportedInterfaceOrientations_iPhone = "UIInterfaceOrientationPortrait UIInterfaceOrientationLandscapeLeft UIInterfaceOrientationLandscapeRight";
				IPHONEOS_DEPLOYMENT_TARGET = 15.0;
				LD_RUNPATH_SEARCH_PATHS = (
					"$(inherited)",
					"@executable_path/Frameworks",
				);
				MARKETING_VERSION = 1.0;
				PRODUCT_BUNDLE_IDENTIFIER = com.AhmedAmin.MovieAppSwiftUI;
				PRODUCT_NAME = "$(TARGET_NAME)";
				SWIFT_EMIT_LOC_STRINGS = YES;
				SWIFT_VERSION = 5.0;
				TARGETED_DEVICE_FAMILY = "1,2";
			};
			name = Release;
		};
/* End XCBuildConfiguration section */

/* Begin XCConfigurationList section */
		AC0AF89729FA2B090006350D /* Build configuration list for PBXProject "MovieAppSwiftUI" */ = {
			isa = XCConfigurationList;
			buildConfigurations = (
				AC0AF8A829FA2B0A0006350D /* Debug */,
				AC0AF8A929FA2B0A0006350D /* Release */,
			);
			defaultConfigurationIsVisible = 0;
			defaultConfigurationName = Release;
		};
		AC0AF8AA29FA2B0A0006350D /* Build configuration list for PBXNativeTarget "MovieAppSwiftUI" */ = {
			isa = XCConfigurationList;
			buildConfigurations = (
				AC0AF8AB29FA2B0A0006350D /* Debug */,
				AC0AF8AC29FA2B0A0006350D /* Release */,
			);
			defaultConfigurationIsVisible = 0;
			defaultConfigurationName = Release;
		};
/* End XCConfigurationList section */
	};
	rootObject = AC0AF89429FA2B090006350D /* Project object */;
}
